
Microsoft Visual Studio Solution File, Format Version 12.00
# Visual Studio Version 17
VisualStudioVersion = 17.5.33627.172
MinimumVisualStudioVersion = 10.0.40219.1
Project("{9A19103F-16F7-4668-BE54-9A1E7A4F7556}") = "SboxAccessListAnalyzer", "SboxAccessListAnalyzer\SboxAccessListAnalyzer.csproj", "{E1809488-2679-4CE8-816D-6A7864BA3CAE}"
EndProject
Project("{9A19103F-16F7-4668-BE54-9A1E7A4F7556}") = "SboxAccessListAnalyzer.Package", "SboxAccessListAnalyzer.Package\SboxAccessListAnalyzer.Package.csproj", "{BB2D9E07-B035-4872-B7FE-F04DCDEF1745}"
EndProject
Project("{9A19103F-16F7-4668-BE54-9A1E7A4F7556}") = "SboxAccessListAnalyzer.Test", "SboxAccessListAnalyzer.Test\SboxAccessListAnalyzer.Test.csproj", "{005E0EF3-EBCD-4C01-BAD4-A618BDAC5733}"
EndProject
Project("{9A19103F-16F7-4668-BE54-9A1E7A4F7556}") = "SboxAccessListAnalyzer.Vsix", "SboxAccessListAnalyzer.Vsix\SboxAccessListAnalyzer.Vsix.csproj", "{078C73DC-E9F3-4481-BA17-E53948F9585F}"
EndProject
Global
	GlobalSection(SolutionConfigurationPlatforms) = preSolution
		Debug|Any CPU = Debug|Any CPU
		Release|Any CPU = Release|Any CPU
	EndGlobalSection
	GlobalSection(ProjectConfigurationPlatforms) = postSolution
		{E1809488-2679-4CE8-816D-6A7864BA3CAE}.Debug|Any CPU.ActiveCfg = Debug|Any CPU
		{E1809488-2679-4CE8-816D-6A7864BA3CAE}.Debug|Any CPU.Build.0 = Debug|Any CPU
		{E1809488-2679-4CE8-816D-6A7864BA3CAE}.Release|Any CPU.ActiveCfg = Release|Any CPU
		{E1809488-2679-4CE8-816D-6A7864BA3CAE}.Release|Any CPU.Build.0 = Release|Any CPU
		{BB2D9E07-B035-4872-B7FE-F04DCDEF1745}.Debug|Any CPU.ActiveCfg = Debug|Any CPU
		{BB2D9E07-B035-4872-B7FE-F04DCDEF1745}.Debug|Any CPU.Build.0 = Debug|Any CPU
		{BB2D9E07-B035-4872-B7FE-F04DCDEF1745}.Release|Any CPU.ActiveCfg = Release|Any CPU
		{BB2D9E07-B035-4872-B7FE-F04DCDEF1745}.Release|Any CPU.Build.0 = Release|Any CPU
		{005E0EF3-EBCD-4C01-BAD4-A618BDAC5733}.Debug|Any CPU.ActiveCfg = Debug|Any CPU
		{005E0EF3-EBCD-4C01-BAD4-A618BDAC5733}.Debug|Any CPU.Build.0 = Debug|Any CPU
		{005E0EF3-EBCD-4C01-BAD4-A618BDAC5733}.Release|Any CPU.ActiveCfg = Release|Any CPU
		{005E0EF3-EBCD-4C01-BAD4-A618BDAC5733}.Release|Any CPU.Build.0 = Release|Any CPU
		{078C73DC-E9F3-4481-BA17-E53948F9585F}.Debug|Any CPU.ActiveCfg = Debug|Any CPU
		{078C73DC-E9F3-4481-BA17-E53948F9585F}.Debug|Any CPU.Build.0 = Debug|Any CPU
		{078C73DC-E9F3-4481-BA17-E53948F9585F}.Release|Any CPU.ActiveCfg = Release|Any CPU
		{078C73DC-E9F3-4481-BA17-E53948F9585F}.Release|Any CPU.Build.0 = Release|Any CPU
	EndGlobalSection
	GlobalSection(SolutionProperties) = preSolution
		HideSolutionNode = FALSE
	EndGlobalSection
	GlobalSection(ExtensibilityGlobals) = postSolution
		SolutionGuid = {AAE2A245-26BE-4127-B15A-C5B4111D5F22}
	EndGlobalSection
EndGlobal
